
Microsoft Visual Studio Solution File, Format Version 12.00
# Visual Studio Version 17
VisualStudioVersion = 17.14.37012.4
MinimumVisualStudioVersion = 10.0.40219.1
Project("{FAE04EC0-301F-11D3-BF4B-00C04F79EFBC}") = "CatShelterManager", "CatShelterManager\CatShelterManager.csproj", "{2EE95B2E-A60A-4EE7-A6B7-08C60843DE36}"
EndProject
Project("{FAE04EC0-301F-11D3-BF4B-00C04F79EFBC}") = "CatShelterManager.Tests", "CatShelterManager.Tests\CatShelterManager.Tests.csproj", "{00B8FDBE-E727-4F03-936E-46811E370B1A}"
EndProject
Global
	GlobalSection(SolutionConfigurationPlatforms) = preSolution
		Debug|Any CPU = Debug|Any CPU
		Release|Any CPU = Release|Any CPU
	EndGlobalSection
	GlobalSection(ProjectConfigurationPlatforms) = postSolution
		{2EE95B2E-A60A-4EE7-A6B7-08C60843DE36}.Debug|Any CPU.ActiveCfg = Debug|Any CPU
		{2EE95B2E-A60A-4EE7-A6B7-08C60843DE36}.Debug|Any CPU.Build.0 = Debug|Any CPU
		{2EE95B2E-A60A-4EE7-A6B7-08C60843DE36}.Release|Any CPU.ActiveCfg = Release|Any CPU
		{2EE95B2E-A60A-4EE7-A6B7-08C60843DE36}.Release|Any CPU.Build.0 = Release|Any CPU
		{00B8FDBE-E727-4F03-936E-46811E370B1A}.Debug|Any CPU.ActiveCfg = Debug|Any CPU
		{00B8FDBE-E727-4F03-936E-46811E370B1A}.Debug|Any CPU.Build.0 = Debug|Any CPU
		{00B8FDBE-E727-4F03-936E-46811E370B1A}.Release|Any CPU.ActiveCfg = Release|Any CPU
		{00B8FDBE-E727-4F03-936E-46811E370B1A}.Release|Any CPU.Build.0 = Release|Any CPU
	EndGlobalSection
	GlobalSection(SolutionProperties) = preSolution
		HideSolutionNode = FALSE
	EndGlobalSection
	GlobalSection(ExtensibilityGlobals) = postSolution
		SolutionGuid = {58769FA8-0C66-4A93-8D14-8ACD3F46E1D4}
	EndGlobalSection
EndGlobal
